
Microsoft Visual Studio Solution File, Format Version 12.00
# Visual Studio 15
VisualStudioVersion = 15.0.27703.1
MinimumVisualStudioVersion = 10.0.40219.1
Project("{FAE04EC0-301F-11D3-BF4B-00C04F79EFBC}") = "PruebaIdeaware2018", "PruebaIdeaware2018\PruebaIdeaware2018.csproj", "{F8F56C2D-8DD0-4C8C-8633-576B33203284}"
EndProject
Project("{FAE04EC0-301F-11D3-BF4B-00C04F79EFBC}") = "PruebaIdeaware2018.Tests", "PruebaIdeaware2018.Tests\PruebaIdeaware2018.Tests.csproj", "{50DE7705-5B01-4C51-9764-56F23231727E}"
EndProject
Global
	GlobalSection(SolutionConfigurationPlatforms) = preSolution
		Debug|Any CPU = Debug|Any CPU
		Release|Any CPU = Release|Any CPU
	EndGlobalSection
	GlobalSection(ProjectConfigurationPlatforms) = postSolution
		{F8F56C2D-8DD0-4C8C-8633-576B33203284}.Debug|Any CPU.ActiveCfg = Debug|Any CPU
		{F8F56C2D-8DD0-4C8C-8633-576B33203284}.Debug|Any CPU.Build.0 = Debug|Any CPU
		{F8F56C2D-8DD0-4C8C-8633-576B33203284}.Release|Any CPU.ActiveCfg = Release|Any CPU
		{F8F56C2D-8DD0-4C8C-8633-576B33203284}.Release|Any CPU.Build.0 = Release|Any CPU
		{50DE7705-5B01-4C51-9764-56F23231727E}.Debug|Any CPU.ActiveCfg = Debug|Any CPU
		{50DE7705-5B01-4C51-9764-56F23231727E}.Debug|Any CPU.Build.0 = Debug|Any CPU
		{50DE7705-5B01-4C51-9764-56F23231727E}.Release|Any CPU.ActiveCfg = Release|Any CPU
		{50DE7705-5B01-4C51-9764-56F23231727E}.Release|Any CPU.Build.0 = Release|Any CPU
	EndGlobalSection
	GlobalSection(SolutionProperties) = preSolution
		HideSolutionNode = FALSE
	EndGlobalSection
	GlobalSection(ExtensibilityGlobals) = postSolution
		SolutionGuid = {0327C26B-3C8B-44EE-AAE0-D9742F312A82}
	EndGlobalSection
EndGlobal
